
Microsoft Visual Studio Solution File, Format Version 12.00
# Visual Studio Version 16
VisualStudioVersion = 16.0.31613.86
MinimumVisualStudioVersion = 10.0.40219.1
Project("{FAE04EC0-301F-11D3-BF4B-00C04F79EFBC}") = "Server", "Server\Server.csproj", "{AB1D6758-5EB3-4145-829B-63C647A6DFDA}"
EndProject
Global
	GlobalSection(SolutionConfigurationPlatforms) = preSolution
		Debug|Any CPU = Debug|Any CPU
		Release|Any CPU = Release|Any CPU
	EndGlobalSection
	GlobalSection(ProjectConfigurationPlatforms) = postSolution
		{AB1D6758-5EB3-4145-829B-63C647A6DFDA}.Debug|Any CPU.ActiveCfg = Debug|Any CPU
		{AB1D6758-5EB3-4145-829B-63C647A6DFDA}.Debug|Any CPU.Build.0 = Debug|Any CPU
		{AB1D6758-5EB3-4145-829B-63C647A6DFDA}.Release|Any CPU.ActiveCfg = Release|Any CPU
		{AB1D6758-5EB3-4145-829B-63C647A6DFDA}.Release|Any CPU.Build.0 = Release|Any CPU
	EndGlobalSection
	GlobalSection(SolutionProperties) = preSolution
		HideSolutionNode = FALSE
	EndGlobalSection
	GlobalSection(ExtensibilityGlobals) = postSolution
		SolutionGuid = {6303CF33-E2E8-41FB-82C1-78701AA460D4}
	EndGlobalSection
EndGlobal
